github.com/godbus/dbus/v5 v5.0.6 h1:mkgN1ofwASrYnJ5W6U/BxG15eXXXjirgZc7CLqkcaro=
github.com/godbus/dbus/v5 v5.0.6/go.mod h1:xhWf0FNVPg57R7Z0UbKHbJfkEywrmjJnf7w5xrFpKfA=
github.com/google/renameio v1.0.1 h1:Lh/jXZmvZxb0BBeSY5VKEfidcbcbenKjZFzM/q0fSeU=
github.com/google/renameio v1.0.1/go.mod h1:t/HQoYBZSsWSNK35C6CO/TpPLDVWvxOHboWUAweKUpk=
github.com/maltegrosse/go-modemmanager v0.1.1-0.20211120100021-a70df96fe495 h1:JqsdEFS9kYbqgaceWPEFXlGhDlugtimFoalLllCUeFw=
github.com/maltegrosse/go-modemmanager v0.1.1-0.20211120100021-a70df96fe495/go.mod h1:MCYLgzp8pxEbrX3EfmnlcXOWhJU2lZBHyYCAEGh0Tm0=
